
Microsoft Visual Studio Solution File, Format Version 12.00
# Visual Studio Version 17
VisualStudioVersion = 17.9.34723.18
MinimumVisualStudioVersion = 10.0.40219.1
Project("{FAE04EC0-301F-11D3-BF4B-00C04F79EFBC}") = "CS_CodeQuestion", "CS_CodeQuestion.csproj", "{300899BD-DE33-4E81-9136-72F19488D41E}"
EndProject
Global
	GlobalSection(SolutionConfigurationPlatforms) = preSolution
		Debug|Any CPU = Debug|Any CPU
		Release|Any CPU = Release|Any CPU
	EndGlobalSection
	GlobalSection(ProjectConfigurationPlatforms) = postSolution
		{300899BD-DE33-4E81-9136-72F19488D41E}.Debug|Any CPU.ActiveCfg = Debug|Any CPU
		{300899BD-DE33-4E81-9136-72F19488D41E}.Debug|Any CPU.Build.0 = Debug|Any CPU
		{300899BD-DE33-4E81-9136-72F19488D41E}.Release|Any CPU.ActiveCfg = Release|Any CPU
		{300899BD-DE33-4E81-9136-72F19488D41E}.Release|Any CPU.Build.0 = Release|Any CPU
	EndGlobalSection
	GlobalSection(SolutionProperties) = preSolution
		HideSolutionNode = FALSE
	EndGlobalSection
	GlobalSection(ExtensibilityGlobals) = postSolution
		SolutionGuid = {1514E9B4-0A31-4F81-AF9F-EAB3389A86E5}
	EndGlobalSection
EndGlobal
